Microsoft Visual Studio Solution File, Format Version 12.00
# Visual Studio Version 17
VisualStudioVersion = 17.5.2.0
MinimumVisualStudioVersion = 10.0.40219.1
Project("{FAE04EC0-301F-11D3-BF4B-00C04F79EFBC}") = "Game_ran", "Game_ran.csproj", "{54D088B5-139E-1D6F-C214-F318F744A44C}"
EndProject
Global
	GlobalSection(SolutionConfigurationPlatforms) = preSolution
		Debug|Any CPU = Debug|Any CPU
		Release|Any CPU = Release|Any CPU
	EndGlobalSection
	GlobalSection(ProjectConfigurationPlatforms) = postSolution
		{54D088B5-139E-1D6F-C214-F318F744A44C}.Debug|Any CPU.ActiveCfg = Debug|Any CPU
		{54D088B5-139E-1D6F-C214-F318F744A44C}.Debug|Any CPU.Build.0 = Debug|Any CPU
		{54D088B5-139E-1D6F-C214-F318F744A44C}.Release|Any CPU.ActiveCfg = Release|Any CPU
		{54D088B5-139E-1D6F-C214-F318F744A44C}.Release|Any CPU.Build.0 = Release|Any CPU
	EndGlobalSection
	GlobalSection(SolutionProperties) = preSolution
		HideSolutionNode = FALSE
	EndGlobalSection
	GlobalSection(ExtensibilityGlobals) = postSolution
		SolutionGuid = {F0AB2EB1-654F-446F-B7D2-6B7592BB00C3}
	EndGlobalSection
EndGlobal
